# This file is generated by running "yarn install" inside your project.
# Manual changes might be lost - proceed with caution!

__metadata:
  version: 7
  cacheKey: 9

"@babel/runtime@npm:^7.12.5, @babel/runtime@npm:^7.7.6":
  version: 7.18.9
  resolution: "@babel/runtime@npm:7.18.9"
  dependencies:
    regenerator-runtime: "npm:^0.13.4"
  checksum: 1581271f6f303662c74e992fc52aaaaa6119eb74ebff5328ff6998a7058795d442d19a5585faa43e344c4e7d48677faf94184a139b5941254069bc0ee579e467
  languageName: node
  linkType: hard

"@esbuild/linux-loong64@npm:0.15.2":
  version: 0.15.2
  resolution: "@esbuild/linux-loong64@npm:0.15.2"
  conditions: os=linux & cpu=loong64
  languageName: node
  linkType: hard

"@espoal/build@workspace:^, @espoal/build@workspace:ext/build":
  version: 0.0.0-use.local
  resolution: "@espoal/build@workspace:ext/build"
  dependencies:
    "@yarnpkg/esbuild-plugin-pnp": "npm:^3.0.0-rc.14"
    esbuild: "npm:^0.15.2"
  languageName: unknown
  linkType: soft

"@main/app@workspace:main/app":
  version: 0.0.0-use.local
  resolution: "@main/app@workspace:main/app"
  dependencies:
    "@pkgs/home": "workspace:^"
    "@vendors/react": "workspace:^"
  languageName: unknown
  linkType: soft

"@pkgs/home@workspace:^, @pkgs/home@workspace:pkgs/home":
  version: 0.0.0-use.local
  resolution: "@pkgs/home@workspace:pkgs/home"
  dependencies:
    "@vendors/react": "workspace:^"
  languageName: unknown
  linkType: soft

"@vendors/react@workspace:^, @vendors/react@workspace:vendors/react":
  version: 0.0.0-use.local
  resolution: "@vendors/react@workspace:vendors/react"
  dependencies:
    react: "npm:^18.2.0"
    react-dom: "npm:^18.2.0"
    react-helmet-async: "npm:^1.3.0"
    react-router-dom: "npm:^6.3.0"
  languageName: unknown
  linkType: soft

"@yarnpkg/esbuild-plugin-pnp@npm:^3.0.0-rc.14":
  version: 3.0.0-rc.14
  resolution: "@yarnpkg/esbuild-plugin-pnp@npm:3.0.0-rc.14"
  dependencies:
    tslib: "npm:^1.13.0"
  peerDependencies:
    esbuild: ">=0.10.0"
  checksum: 90401bc3024722d6eeea504529bfa1f915e1e02aaaeb70b48c7b8fe15b1123c60b590c467b5da44f2c8d7e10ed57e847d0c23f2e2cf58aa4337560a0f66fb87d
  languageName: node
  linkType: hard

"auth@workspace:pkgs/auth":
  version: 0.0.0-use.local
  resolution: "auth@workspace:pkgs/auth"
  dependencies:
    "@vendors/react": "workspace:^"
  languageName: unknown
  linkType: soft

"dash@workspace:pkgs/dash":
  version: 0.0.0-use.local
  resolution: "dash@workspace:pkgs/dash"
  dependencies:
    "@vendors/react": "workspace:^"
  languageName: unknown
  linkType: soft

"dist@workspace:dist":
  version: 0.0.0-use.local
  resolution: "dist@workspace:dist"
  languageName: unknown
  linkType: soft

"esbuild-android-64@npm:0.15.2":
  version: 0.15.2
  resolution: "esbuild-android-64@npm:0.15.2"
  conditions: os=android & cpu=x64
  languageName: node
  linkType: hard

"esbuild-android-arm64@npm:0.15.2":
  version: 0.15.2
  resolution: "esbuild-android-arm64@npm:0.15.2"
  conditions: os=android & cpu=arm64
  languageName: node
  linkType: hard

"esbuild-darwin-64@npm:0.15.2":
  version: 0.15.2
  resolution: "esbuild-darwin-64@npm:0.15.2"
  conditions: os=darwin & cpu=x64
  languageName: node
  linkType: hard

"esbuild-darwin-arm64@npm:0.15.2":
  version: 0.15.2
  resolution: "esbuild-darwin-arm64@npm:0.15.2"
  conditions: os=darwin & cpu=arm64
  languageName: node
  linkType: hard

"esbuild-freebsd-64@npm:0.15.2":
  version: 0.15.2
  resolution: "esbuild-freebsd-64@npm:0.15.2"
  conditions: os=freebsd & cpu=x64
  languageName: node
  linkType: hard

"esbuild-freebsd-arm64@npm:0.15.2":
  version: 0.15.2
  resolution: "esbuild-freebsd-arm64@npm:0.15.2"
  conditions: os=freebsd & cpu=arm64
  languageName: node
  linkType: hard

"esbuild-linux-32@npm:0.15.2":
  version: 0.15.2
  resolution: "esbuild-linux-32@npm:0.15.2"
  conditions: os=linux & cpu=ia32
  languageName: node
  linkType: hard

"esbuild-linux-64@npm:0.15.2":
  version: 0.15.2
  resolution: "esbuild-linux-64@npm:0.15.2"
  conditions: os=linux & cpu=x64
  languageName: node
  linkType: hard

"esbuild-linux-arm64@npm:0.15.2":
  version: 0.15.2
  resolution: "esbuild-linux-arm64@npm:0.15.2"
  conditions: os=linux & cpu=arm64
  languageName: node
  linkType: hard

"esbuild-linux-arm@npm:0.15.2":
  version: 0.15.2
  resolution: "esbuild-linux-arm@npm:0.15.2"
  conditions: os=linux & cpu=arm
  languageName: node
  linkType: hard

"esbuild-linux-mips64le@npm:0.15.2":
  version: 0.15.2
  resolution: "esbuild-linux-mips64le@npm:0.15.2"
  conditions: os=linux & cpu=mips64el
  languageName: node
  linkType: hard

"esbuild-linux-ppc64le@npm:0.15.2":
  version: 0.15.2
  resolution: "esbuild-linux-ppc64le@npm:0.15.2"
  conditions: os=linux & cpu=ppc64
  languageName: node
  linkType: hard

"esbuild-linux-riscv64@npm:0.15.2":
  version: 0.15.2
  resolution: "esbuild-linux-riscv64@npm:0.15.2"
  conditions: os=linux & cpu=riscv64
  languageName: node
  linkType: hard

"esbuild-linux-s390x@npm:0.15.2":
  version: 0.15.2
  resolution: "esbuild-linux-s390x@npm:0.15.2"
  conditions: os=linux & cpu=s390x
  languageName: node
  linkType: hard

"esbuild-netbsd-64@npm:0.15.2":
  version: 0.15.2
  resolution: "esbuild-netbsd-64@npm:0.15.2"
  conditions: os=netbsd & cpu=x64
  languageName: node
  linkType: hard

"esbuild-openbsd-64@npm:0.15.2":
  version: 0.15.2
  resolution: "esbuild-openbsd-64@npm:0.15.2"
  conditions: os=openbsd & cpu=x64
  languageName: node
  linkType: hard

"esbuild-sunos-64@npm:0.15.2":
  version: 0.15.2
  resolution: "esbuild-sunos-64@npm:0.15.2"
  conditions: os=sunos & cpu=x64
  languageName: node
  linkType: hard

"esbuild-windows-32@npm:0.15.2":
  version: 0.15.2
  resolution: "esbuild-windows-32@npm:0.15.2"
  conditions: os=win32 & cpu=ia32
  languageName: node
  linkType: hard

"esbuild-windows-64@npm:0.15.2":
  version: 0.15.2
  resolution: "esbuild-windows-64@npm:0.15.2"
  conditions: os=win32 & cpu=x64
  languageName: node
  linkType: hard

"esbuild-windows-arm64@npm:0.15.2":
  version: 0.15.2
  resolution: "esbuild-windows-arm64@npm:0.15.2"
  conditions: os=win32 & cpu=arm64
  languageName: node
  linkType: hard

"esbuild@npm:^0.15.2":
  version: 0.15.2
  resolution: "esbuild@npm:0.15.2"
  dependencies:
    "@esbuild/linux-loong64": "npm:0.15.2"
    esbuild-android-64: "npm:0.15.2"
    esbuild-android-arm64: "npm:0.15.2"
    esbuild-darwin-64: "npm:0.15.2"
    esbuild-darwin-arm64: "npm:0.15.2"
    esbuild-freebsd-64: "npm:0.15.2"
    esbuild-freebsd-arm64: "npm:0.15.2"
    esbuild-linux-32: "npm:0.15.2"
    esbuild-linux-64: "npm:0.15.2"
    esbuild-linux-arm: "npm:0.15.2"
    esbuild-linux-arm64: "npm:0.15.2"
    esbuild-linux-mips64le: "npm:0.15.2"
    esbuild-linux-ppc64le: "npm:0.15.2"
    esbuild-linux-riscv64: "npm:0.15.2"
    esbuild-linux-s390x: "npm:0.15.2"
    esbuild-netbsd-64: "npm:0.15.2"
    esbuild-openbsd-64: "npm:0.15.2"
    esbuild-sunos-64: "npm:0.15.2"
    esbuild-windows-32: "npm:0.15.2"
    esbuild-windows-64: "npm:0.15.2"
    esbuild-windows-arm64: "npm:0.15.2"
  dependenciesMeta:
    "@esbuild/linux-loong64":
      optional: true
    esbuild-android-64:
      optional: true
    esbuild-android-arm64:
      optional: true
    esbuild-darwin-64:
      optional: true
    esbuild-darwin-arm64:
      optional: true
    esbuild-freebsd-64:
      optional: true
    esbuild-freebsd-arm64:
      optional: true
    esbuild-linux-32:
      optional: true
    esbuild-linux-64:
      optional: true
    esbuild-linux-arm:
      optional: true
    esbuild-linux-arm64:
      optional: true
    esbuild-linux-mips64le:
      optional: true
    esbuild-linux-ppc64le:
      optional: true
    esbuild-linux-riscv64:
      optional: true
    esbuild-linux-s390x:
      optional: true
    esbuild-netbsd-64:
      optional: true
    esbuild-openbsd-64:
      optional: true
    esbuild-sunos-64:
      optional: true
    esbuild-windows-32:
      optional: true
    esbuild-windows-64:
      optional: true
    esbuild-windows-arm64:
      optional: true
  bin:
    esbuild: bin/esbuild
  checksum: be1e5c72190c67b338c6dd8f1ead0a2881033e9e486a0157a19dc23ada6951d5f59ca5014ce7fc0d6407f8d16d8275f2a4be234b8c2be9b0d614ac04563f7f0f
  languageName: node
  linkType: hard

"history@npm:^5.2.0":
  version: 5.3.0
  resolution: "history@npm:5.3.0"
  dependencies:
    "@babel/runtime": "npm:^7.7.6"
  checksum: 95f5983c15ce77b5e9aea74e604de4f99d2a165e1e743e58a21e202bd978c566444ab2bb914a1ede85cffa5ec91b4b5b8e46d37c8c79abe8810f554e8b84530f
  languageName: node
  linkType: hard

"invariant@npm:^2.2.4":
  version: 2.2.4
  resolution: "invariant@npm:2.2.4"
  dependencies:
    loose-envify: "npm:^1.0.0"
  checksum: 5d5f2b8c4ebf418a43764a94c46932620595bbd434897966394d6db2155ce1f3036c37830674d86fb0552334c49cf9831fa9bfb8fc1d151ba4de93f5ffb4d285
  languageName: node
  linkType: hard

"js-tokens@npm:^3.0.0 || ^4.0.0":
  version: 4.0.0
  resolution: "js-tokens@npm:4.0.0"
  checksum: 47d1c18dc6b9eed4baf1db3d81b36feb95b463201c82ffce0d7a4d65ede596ba97d6ac2468974199705db9ef8a3433606af41fc7bbe7cb25c1dd601785413d9b
  languageName: node
  linkType: hard

"loose-envify@npm:^1.0.0, loose-envify@npm:^1.1.0, loose-envify@npm:^1.4.0":
  version: 1.4.0
  resolution: "loose-envify@npm:1.4.0"
  dependencies:
    js-tokens: "npm:^3.0.0 || ^4.0.0"
  bin:
    loose-envify: cli.js
  checksum: 39c5fc44c6a8f7f8a92cccf174554fbb307477ef493760407920fdd4ed5f6cc1aec5b6a5ab3c3767ef79547b3e1aea09d8ca08d773232c662d910cfe473a0590
  languageName: node
  linkType: hard

"object-assign@npm:^4.1.1":
  version: 4.1.1
  resolution: "object-assign@npm:4.1.1"
  checksum: f5cd1f2f1e82e12207e4f2377d9d7d90fbc0d9822a6afa717a6dcab6930d8925e1ebbbb25df770c31ff11335ee423459ba65ffa2e53999926c328b806b4d73d6
  languageName: node
  linkType: hard

"prop-types@npm:^15.7.2":
  version: 15.8.1
  resolution: "prop-types@npm:15.8.1"
  dependencies:
    loose-envify: "npm:^1.4.0"
    object-assign: "npm:^4.1.1"
    react-is: "npm:^16.13.1"
  checksum: 196295f119e0f38ec64b43c1121a7e3bdbfcf66b86a01d50df22a247eb22b644033097b53a3b0961ce64d540c7a2c505c844ff245cb548b4f6eda59bbac6fbf0
  languageName: node
  linkType: hard

"pwapp-skeleton@workspace:.":
  version: 0.0.0-use.local
  resolution: "pwapp-skeleton@workspace:."
  dependencies:
    "@espoal/build": "workspace:^"
  languageName: unknown
  linkType: soft

"react-dom@npm:^18.2.0":
  version: 18.2.0
  resolution: "react-dom@npm:18.2.0"
  dependencies:
    loose-envify: "npm:^1.1.0"
    scheduler: "npm:^0.23.0"
  peerDependencies:
    react: ^18.2.0
  checksum: 7c5b915fb793d63563cec1f721e059e6ff0e2855ac116ab5cb7450b6c59398f5e25f95c960ce5cb93504cc58ab724a75a78e99282354e702a0e667d0d787d028
  languageName: node
  linkType: hard

"react-fast-compare@npm:^3.2.0":
  version: 3.2.0
  resolution: "react-fast-compare@npm:3.2.0"
  checksum: 83b544e0c35aa1db9d815a22d6a56ae53c619752488e3d989629ed078091a4182fe79c8c2a93aa67a61abcc56b91b9def57da1522670be9016bd54f508196258
  languageName: node
  linkType: hard

"react-helmet-async@npm:^1.3.0":
  version: 1.3.0
  resolution: "react-helmet-async@npm:1.3.0"
  dependencies:
    "@babel/runtime": "npm:^7.12.5"
    invariant: "npm:^2.2.4"
    prop-types: "npm:^15.7.2"
    react-fast-compare: "npm:^3.2.0"
    shallowequal: "npm:^1.1.0"
  peerDependencies:
    react: ^16.6.0 || ^17.0.0 || ^18.0.0
    react-dom: ^16.6.0 || ^17.0.0 || ^18.0.0
  checksum: c26bd137322c75d4c15655a2f49c079676732d4a58cc82ce113e3935f7737ba6772930c9ca177aa09b0a77d0cbc1f65a6c9d6f054aab9e6670e2c3ded411e74a
  languageName: node
  linkType: hard

"react-is@npm:^16.13.1":
  version: 16.13.1
  resolution: "react-is@npm:16.13.1"
  checksum: 0c9adc5d984db733fb1dd298f3e94cdec66bc328d27fb11df65971d2cc9a299008bc64baab8fe8e79943df85b445a1008b2cc9e270825d0fd056e5a0d2df8de6
  languageName: node
  linkType: hard

"react-router-dom@npm:^6.3.0":
  version: 6.3.0
  resolution: "react-router-dom@npm:6.3.0"
  dependencies:
    history: "npm:^5.2.0"
    react-router: "npm:6.3.0"
  peerDependencies:
    react: ">=16.8"
    react-dom: ">=16.8"
  checksum: 78051169fdc7642103479e7194f616cd1d316af8474503d5d3ea8125ed1d3ded2776e2653e8184509220349d3713ceca572cce3297266e2b7ab3dd0067db8605
  languageName: node
  linkType: hard

"react-router@npm:6.3.0":
  version: 6.3.0
  resolution: "react-router@npm:6.3.0"
  dependencies:
    history: "npm:^5.2.0"
  peerDependencies:
    react: ">=16.8"
  checksum: e18db7761282cb28dda7a4f81c4df696f0484c7f998dc339b4939cb9bb9e8d968e33b627a9616adfed141b588ca1885be6be602c12ff52e81b4bab4bf3e629f8
  languageName: node
  linkType: hard

"react@npm:^18.2.0":
  version: 18.2.0
  resolution: "react@npm:18.2.0"
  dependencies:
    loose-envify: "npm:^1.1.0"
  checksum: 8434e5782c52b3bf18a80b666348977924ee3827895fa03ec3ffb9faca90c460049f14130428dd1546bab6cf3b2c277f2c243d3c2a856501331d2e69c24b2bb9
  languageName: node
  linkType: hard

"regenerator-runtime@npm:^0.13.4":
  version: 0.13.9
  resolution: "regenerator-runtime@npm:0.13.9"
  checksum: db060af0b2ca8bb7f12aea9dcf7416ff80259b39c2ddd38e0bd705b0a7acd9f07be133e543bbf54af1e86253b6fd553e3050fd6b30c3282731dd27560427f065
  languageName: node
  linkType: hard

"scheduler@npm:^0.23.0":
  version: 0.23.0
  resolution: "scheduler@npm:0.23.0"
  dependencies:
    loose-envify: "npm:^1.1.0"
  checksum: f4022b95cdc282668643da4850f55fe70c899aa956d11819f196e2ca892271bdb253613e53997852094f9351f7c72d057eea8b28d9b4bcb93bcb1c6d09985c82
  languageName: node
  linkType: hard

"serviceWorker@workspace:main/serviceWorker":
  version: 0.0.0-use.local
  resolution: "serviceWorker@workspace:main/serviceWorker"
  languageName: unknown
  linkType: soft

"shallowequal@npm:^1.1.0":
  version: 1.1.0
  resolution: "shallowequal@npm:1.1.0"
  checksum: 9ffaad8074fc1ff1b0ac6b58b8d3f000daa86d8ad1a3122d0dbf218ec777e3c5d2c753223684b46c1b886a66bc9fcd5cfea811e8bb39964220e05845182ae17a
  languageName: node
  linkType: hard

"ssr@workspace:main/ssr":
  version: 0.0.0-use.local
  resolution: "ssr@workspace:main/ssr"
  languageName: unknown
  linkType: soft

"tslib@npm:^1.13.0":
  version: 1.14.1
  resolution: "tslib@npm:1.14.1"
  checksum: 441af59dc42ad4ae57140e62cb362369620c6076845c2c2b0ecc863c1d719ce24fdbc301e9053433fef43075e061bf84b702318ff1204b496a5bba10baf9eb9f
  languageName: node
  linkType: hard
