# This file is generated by running "yarn install" inside your project.
# Manual changes might be lost - proceed with caution!

__metadata:
  version: 7
  cacheKey: 9

"@esbuild/linux-loong64@npm:0.15.2":
  version: 0.15.2
  resolution: "@esbuild/linux-loong64@npm:0.15.2"
  conditions: os=linux & cpu=loong64
  languageName: node
  linkType: hard

"@espoal/build@workspace:^, @espoal/build@workspace:ext/build":
  version: 0.0.0-use.local
  resolution: "@espoal/build@workspace:ext/build"
  dependencies:
    "@yarnpkg/esbuild-plugin-pnp": "npm:^3.0.0-rc.14"
    esbuild: "npm:^0.15.2"
  languageName: unknown
  linkType: soft

"@vendors/react@workspace:^, @vendors/react@workspace:vendors/react":
  version: 0.0.0-use.local
  resolution: "@vendors/react@workspace:vendors/react"
  dependencies:
    react: "npm:^18.2.0"
    react-dom: "npm:^18.2.0"
  languageName: unknown
  linkType: soft

"@yarnpkg/esbuild-plugin-pnp@npm:^3.0.0-rc.14":
  version: 3.0.0-rc.14
  resolution: "@yarnpkg/esbuild-plugin-pnp@npm:3.0.0-rc.14"
  dependencies:
    tslib: "npm:^1.13.0"
  peerDependencies:
    esbuild: ">=0.10.0"
  checksum: 90401bc3024722d6eeea504529bfa1f915e1e02aaaeb70b48c7b8fe15b1123c60b590c467b5da44f2c8d7e10ed57e847d0c23f2e2cf58aa4337560a0f66fb87d
  languageName: node
  linkType: hard

"dist@workspace:dist":
  version: 0.0.0-use.local
  resolution: "dist@workspace:dist"
  languageName: unknown
  linkType: soft

"esbuild-android-64@npm:0.15.2":
  version: 0.15.2
  resolution: "esbuild-android-64@npm:0.15.2"
  conditions: os=android & cpu=x64
  languageName: node
  linkType: hard

"esbuild-android-arm64@npm:0.15.2":
  version: 0.15.2
  resolution: "esbuild-android-arm64@npm:0.15.2"
  conditions: os=android & cpu=arm64
  languageName: node
  linkType: hard

"esbuild-darwin-64@npm:0.15.2":
  version: 0.15.2
  resolution: "esbuild-darwin-64@npm:0.15.2"
  conditions: os=darwin & cpu=x64
  languageName: node
  linkType: hard

"esbuild-darwin-arm64@npm:0.15.2":
  version: 0.15.2
  resolution: "esbuild-darwin-arm64@npm:0.15.2"
  conditions: os=darwin & cpu=arm64
  languageName: node
  linkType: hard

"esbuild-freebsd-64@npm:0.15.2":
  version: 0.15.2
  resolution: "esbuild-freebsd-64@npm:0.15.2"
  conditions: os=freebsd & cpu=x64
  languageName: node
  linkType: hard

"esbuild-freebsd-arm64@npm:0.15.2":
  version: 0.15.2
  resolution: "esbuild-freebsd-arm64@npm:0.15.2"
  conditions: os=freebsd & cpu=arm64
  languageName: node
  linkType: hard

"esbuild-linux-32@npm:0.15.2":
  version: 0.15.2
  resolution: "esbuild-linux-32@npm:0.15.2"
  conditions: os=linux & cpu=ia32
  languageName: node
  linkType: hard

"esbuild-linux-64@npm:0.15.2":
  version: 0.15.2
  resolution: "esbuild-linux-64@npm:0.15.2"
  conditions: os=linux & cpu=x64
  languageName: node
  linkType: hard

"esbuild-linux-arm64@npm:0.15.2":
  version: 0.15.2
  resolution: "esbuild-linux-arm64@npm:0.15.2"
  conditions: os=linux & cpu=arm64
  languageName: node
  linkType: hard

"esbuild-linux-arm@npm:0.15.2":
  version: 0.15.2
  resolution: "esbuild-linux-arm@npm:0.15.2"
  conditions: os=linux & cpu=arm
  languageName: node
  linkType: hard

"esbuild-linux-mips64le@npm:0.15.2":
  version: 0.15.2
  resolution: "esbuild-linux-mips64le@npm:0.15.2"
  conditions: os=linux & cpu=mips64el
  languageName: node
  linkType: hard

"esbuild-linux-ppc64le@npm:0.15.2":
  version: 0.15.2
  resolution: "esbuild-linux-ppc64le@npm:0.15.2"
  conditions: os=linux & cpu=ppc64
  languageName: node
  linkType: hard

"esbuild-linux-riscv64@npm:0.15.2":
  version: 0.15.2
  resolution: "esbuild-linux-riscv64@npm:0.15.2"
  conditions: os=linux & cpu=riscv64
  languageName: node
  linkType: hard

"esbuild-linux-s390x@npm:0.15.2":
  version: 0.15.2
  resolution: "esbuild-linux-s390x@npm:0.15.2"
  conditions: os=linux & cpu=s390x
  languageName: node
  linkType: hard

"esbuild-netbsd-64@npm:0.15.2":
  version: 0.15.2
  resolution: "esbuild-netbsd-64@npm:0.15.2"
  conditions: os=netbsd & cpu=x64
  languageName: node
  linkType: hard

"esbuild-openbsd-64@npm:0.15.2":
  version: 0.15.2
  resolution: "esbuild-openbsd-64@npm:0.15.2"
  conditions: os=openbsd & cpu=x64
  languageName: node
  linkType: hard

"esbuild-sunos-64@npm:0.15.2":
  version: 0.15.2
  resolution: "esbuild-sunos-64@npm:0.15.2"
  conditions: os=sunos & cpu=x64
  languageName: node
  linkType: hard

"esbuild-windows-32@npm:0.15.2":
  version: 0.15.2
  resolution: "esbuild-windows-32@npm:0.15.2"
  conditions: os=win32 & cpu=ia32
  languageName: node
  linkType: hard

"esbuild-windows-64@npm:0.15.2":
  version: 0.15.2
  resolution: "esbuild-windows-64@npm:0.15.2"
  conditions: os=win32 & cpu=x64
  languageName: node
  linkType: hard

"esbuild-windows-arm64@npm:0.15.2":
  version: 0.15.2
  resolution: "esbuild-windows-arm64@npm:0.15.2"
  conditions: os=win32 & cpu=arm64
  languageName: node
  linkType: hard

"esbuild@npm:^0.15.2":
  version: 0.15.2
  resolution: "esbuild@npm:0.15.2"
  dependencies:
    "@esbuild/linux-loong64": "npm:0.15.2"
    esbuild-android-64: "npm:0.15.2"
    esbuild-android-arm64: "npm:0.15.2"
    esbuild-darwin-64: "npm:0.15.2"
    esbuild-darwin-arm64: "npm:0.15.2"
    esbuild-freebsd-64: "npm:0.15.2"
    esbuild-freebsd-arm64: "npm:0.15.2"
    esbuild-linux-32: "npm:0.15.2"
    esbuild-linux-64: "npm:0.15.2"
    esbuild-linux-arm: "npm:0.15.2"
    esbuild-linux-arm64: "npm:0.15.2"
    esbuild-linux-mips64le: "npm:0.15.2"
    esbuild-linux-ppc64le: "npm:0.15.2"
    esbuild-linux-riscv64: "npm:0.15.2"
    esbuild-linux-s390x: "npm:0.15.2"
    esbuild-netbsd-64: "npm:0.15.2"
    esbuild-openbsd-64: "npm:0.15.2"
    esbuild-sunos-64: "npm:0.15.2"
    esbuild-windows-32: "npm:0.15.2"
    esbuild-windows-64: "npm:0.15.2"
    esbuild-windows-arm64: "npm:0.15.2"
  dependenciesMeta:
    "@esbuild/linux-loong64":
      optional: true
    esbuild-android-64:
      optional: true
    esbuild-android-arm64:
      optional: true
    esbuild-darwin-64:
      optional: true
    esbuild-darwin-arm64:
      optional: true
    esbuild-freebsd-64:
      optional: true
    esbuild-freebsd-arm64:
      optional: true
    esbuild-linux-32:
      optional: true
    esbuild-linux-64:
      optional: true
    esbuild-linux-arm:
      optional: true
    esbuild-linux-arm64:
      optional: true
    esbuild-linux-mips64le:
      optional: true
    esbuild-linux-ppc64le:
      optional: true
    esbuild-linux-riscv64:
      optional: true
    esbuild-linux-s390x:
      optional: true
    esbuild-netbsd-64:
      optional: true
    esbuild-openbsd-64:
      optional: true
    esbuild-sunos-64:
      optional: true
    esbuild-windows-32:
      optional: true
    esbuild-windows-64:
      optional: true
    esbuild-windows-arm64:
      optional: true
  bin:
    esbuild: bin/esbuild
  checksum: be1e5c72190c67b338c6dd8f1ead0a2881033e9e486a0157a19dc23ada6951d5f59ca5014ce7fc0d6407f8d16d8275f2a4be234b8c2be9b0d614ac04563f7f0f
  languageName: node
  linkType: hard

"js-tokens@npm:^3.0.0 || ^4.0.0":
  version: 4.0.0
  resolution: "js-tokens@npm:4.0.0"
  checksum: 47d1c18dc6b9eed4baf1db3d81b36feb95b463201c82ffce0d7a4d65ede596ba97d6ac2468974199705db9ef8a3433606af41fc7bbe7cb25c1dd601785413d9b
  languageName: node
  linkType: hard

"loose-envify@npm:^1.1.0":
  version: 1.4.0
  resolution: "loose-envify@npm:1.4.0"
  dependencies:
    js-tokens: "npm:^3.0.0 || ^4.0.0"
  bin:
    loose-envify: cli.js
  checksum: 39c5fc44c6a8f7f8a92cccf174554fbb307477ef493760407920fdd4ed5f6cc1aec5b6a5ab3c3767ef79547b3e1aea09d8ca08d773232c662d910cfe473a0590
  languageName: node
  linkType: hard

"main@workspace:pkgs/main":
  version: 0.0.0-use.local
  resolution: "main@workspace:pkgs/main"
  dependencies:
    "@vendors/react": "workspace:^"
  languageName: unknown
  linkType: soft

"pwapp-skeleton@workspace:.":
  version: 0.0.0-use.local
  resolution: "pwapp-skeleton@workspace:."
  dependencies:
    "@espoal/build": "workspace:^"
  languageName: unknown
  linkType: soft

"react-dom@npm:^18.2.0":
  version: 18.2.0
  resolution: "react-dom@npm:18.2.0"
  dependencies:
    loose-envify: "npm:^1.1.0"
    scheduler: "npm:^0.23.0"
  peerDependencies:
    react: ^18.2.0
  checksum: 7c5b915fb793d63563cec1f721e059e6ff0e2855ac116ab5cb7450b6c59398f5e25f95c960ce5cb93504cc58ab724a75a78e99282354e702a0e667d0d787d028
  languageName: node
  linkType: hard

"react@npm:^18.2.0":
  version: 18.2.0
  resolution: "react@npm:18.2.0"
  dependencies:
    loose-envify: "npm:^1.1.0"
  checksum: 8434e5782c52b3bf18a80b666348977924ee3827895fa03ec3ffb9faca90c460049f14130428dd1546bab6cf3b2c277f2c243d3c2a856501331d2e69c24b2bb9
  languageName: node
  linkType: hard

"scheduler@npm:^0.23.0":
  version: 0.23.0
  resolution: "scheduler@npm:0.23.0"
  dependencies:
    loose-envify: "npm:^1.1.0"
  checksum: f4022b95cdc282668643da4850f55fe70c899aa956d11819f196e2ca892271bdb253613e53997852094f9351f7c72d057eea8b28d9b4bcb93bcb1c6d09985c82
  languageName: node
  linkType: hard

"tslib@npm:^1.13.0":
  version: 1.14.1
  resolution: "tslib@npm:1.14.1"
  checksum: 441af59dc42ad4ae57140e62cb362369620c6076845c2c2b0ecc863c1d719ce24fdbc301e9053433fef43075e061bf84b702318ff1204b496a5bba10baf9eb9f
  languageName: node
  linkType: hard
